
Microsoft Visual Studio Solution File, Format Version 11.00
# Visual Studio 2010
Project("{FAE04EC0-301F-11D3-BF4B-00C04F79EFBC}") = "ccnet.TwitterPublisher.plugin", "ccnet.TwitterPublisher.plugin\ccnet.TwitterPublisher.plugin.csproj", "{50E91E10-B75A-4379-AC37-DECC8927EAD4}"
EndProject
Global
	GlobalSection(SolutionConfigurationPlatforms) = preSolution
		Debug|Any CPU = Debug|Any CPU
		Release|Any CPU = Release|Any CPU
	EndGlobalSection
	GlobalSection(ProjectConfigurationPlatforms) = postSolution
		{50E91E10-B75A-4379-AC37-DECC8927EAD4}.Debug|Any CPU.ActiveCfg = Debug|Any CPU
		{50E91E10-B75A-4379-AC37-DECC8927EAD4}.Debug|Any CPU.Build.0 = Debug|Any CPU
		{50E91E10-B75A-4379-AC37-DECC8927EAD4}.Release|Any CPU.ActiveCfg = Release|Any CPU
		{50E91E10-B75A-4379-AC37-DECC8927EAD4}.Release|Any CPU.Build.0 = Release|Any CPU
	EndGlobalSection
	GlobalSection(SolutionProperties) = preSolution
		HideSolutionNode = FALSE
	EndGlobalSection
EndGlobal
