
Microsoft Visual Studio Solution File, Format Version 12.00
# Visual Studio 2012
Project("{FAE04EC0-301F-11D3-BF4B-00C04F79EFBC}") = "UsageDataAnalysisWebClient", "UsageDataAnalysisWebClient\UsageDataAnalysisWebClient.csproj", "{1EF3666B-1E93-4282-8461-543147F5FCA6}"
EndProject
Global
	GlobalSection(SolutionConfigurationPlatforms) = preSolution
		Debug|Any CPU = Debug|Any CPU
		Release|Any CPU = Release|Any CPU
	EndGlobalSection
	GlobalSection(ProjectConfigurationPlatforms) = postSolution
		{1EF3666B-1E93-4282-8461-543147F5FCA6}.Debug|Any CPU.ActiveCfg = Debug|Any CPU
		{1EF3666B-1E93-4282-8461-543147F5FCA6}.Debug|Any CPU.Build.0 = Debug|Any CPU
		{1EF3666B-1E93-4282-8461-543147F5FCA6}.Release|Any CPU.ActiveCfg = Release|Any CPU
		{1EF3666B-1E93-4282-8461-543147F5FCA6}.Release|Any CPU.Build.0 = Release|Any CPU
	EndGlobalSection
	GlobalSection(SolutionProperties) = preSolution
		HideSolutionNode = FALSE
	EndGlobalSection
EndGlobal
